<?xml version="1.0" encoding="utf-8"?>
<Project ToolsVersion="4.0" xmlns="http://schemas.microsoft.com/developer/msbuild/2003">
  <ItemGroup>
    <Filter Include="Source Files">
      <UniqueIdentifier>{4FC737F1-C7A5-4376-A066-2A32D752A2FF}</UniqueIdentifier>
      <Extensions>cpp;c;cc;cxx;c++;cppm;ixx;def;odl;idl;hpj;bat;asm;asmx</Extensions>
    </Filter>
    <Filter Include="Header Files">
      <UniqueIdentifier>{93995380-89BD-4b04-88EB-625FBE52EBFB}</UniqueIdentifier>
      <Extensions>h;hh;hpp;hxx;h++;hm;inl;inc;ipp;xsd</Extensions>
    </Filter>
    <Filter Include="Resource Files">
      <UniqueIdentifier>{67DA6AB6-F800-4c08-8B7A-83BB121AAD01}</UniqueIdentifier>
      <Extensions>rc;ico;cur;bmp;dlg;rc2;rct;bin;rgs;gif;jpg;jpeg;jpe;resx;tiff;tif;png;wav;mfcribbon-ms</Extensions>
    </Filter>
    <Filter Include="Header Files\models">
      <UniqueIdentifier>{08a2419f-7e20-49c7-80f5-9146f0d4d33c}</UniqueIdentifier>
    </Filter>
    <Filter Include="Header Files\controllers">
      <UniqueIdentifier>{11e4697d-5792-4e2f-b275-d5c4b35655be}</UniqueIdentifier>
    </Filter>
    <Filter Include="Source Files\controllers">
      <UniqueIdentifier>{02cf517e-01b8-432b-bb6a-bc98307ac698}</UniqueIdentifier>
    </Filter>
  </ItemGroup>
  <ItemGroup>
    <ClCompile Include="main.cpp">
      <Filter>Source Files</Filter>
    </ClCompile>
    <ClCompile Include="request_distributor.h">
      <Filter>Header Files</Filter>
    </ClCompile>
    <ClCompile Include="request_distributor.cpp">
      <Filter>Source Files</Filter>
    </ClCompile>
    <ClCompile Include="basic_operations.cpp">
      <Filter>Source Files\controllers</Filter>
    </ClCompile>
    <ClCompile Include="search_operations.cpp">
      <Filter>Source Files\controllers</Filter>
    </ClCompile>
    <ClCompile Include="grouping_operations.cpp">
      <Filter>Source Files\controllers</Filter>
    </ClCompile>
    <ClCompile Include="record.h">
      <Filter>Header Files\models</Filter>
    </ClCompile>
    <ClCompile Include="extensions_group.h">
      <Filter>Header Files\models</Filter>
    </ClCompile>
    <ClCompile Include="search_result.h">
      <Filter>Header Files\models</Filter>
    </ClCompile>
  </ItemGroup>
  <ItemGroup>
    <ClInclude Include="basic_operations.h">
      <Filter>Header Files\controllers</Filter>
    </ClInclude>
    <ClInclude Include="search_operations.h">
      <Filter>Header Files\controllers</Filter>
    </ClInclude>
    <ClInclude Include="grouping_operations.h">
      <Filter>Header Files\controllers</Filter>
    </ClInclude>
    <ClInclude Include="file_info.h">
      <Filter>Header Files\models</Filter>
    </ClInclude>
  </ItemGroup>
  <ItemGroup>
    <Text Include="data.txt">
      <Filter>Resource Files</Filter>
    </Text>
    <Text Include="search.txt">
      <Filter>Resource Files</Filter>
    </Text>
    <Text Include="group.txt">
      <Filter>Resource Files</Filter>
    </Text>
  </ItemGroup>
</Project>