<?xml version="1.0" encoding="utf-8"?>
<Project ToolsVersion="4.0" xmlns="http://schemas.microsoft.com/developer/msbuild/2003">
  <ItemGroup>
    <Filter Include="Source Files">
      <UniqueIdentifier>{4FC737F1-C7A5-4376-A066-2A32D752A2FF}</UniqueIdentifier>
      <Extensions>cpp;c;cc;cxx;c++;cppm;ixx;def;odl;idl;hpj;bat;asm;asmx</Extensions>
    </Filter>
    <Filter Include="Header Files">
      <UniqueIdentifier>{93995380-89BD-4b04-88EB-625FBE52EBFB}</UniqueIdentifier>
      <Extensions>h;hh;hpp;hxx;h++;hm;inl;inc;ipp;xsd</Extensions>
    </Filter>
    <Filter Include="Resource Files">
      <UniqueIdentifier>{67DA6AB6-F800-4c08-8B7A-83BB121AAD01}</UniqueIdentifier>
      <Extensions>rc;ico;cur;bmp;dlg;rc2;rct;bin;rgs;gif;jpg;jpeg;jpe;resx;tiff;tif;png;wav;mfcribbon-ms</Extensions>
    </Filter>
    <Filter Include="Source Files\Models">
      <UniqueIdentifier>{ee34c87c-3e7c-40d8-863f-160c1d8b6b2e}</UniqueIdentifier>
    </Filter>
    <Filter Include="Source Files\Controllers">
      <UniqueIdentifier>{42893f13-e84f-41b9-b5da-f5e84729a171}</UniqueIdentifier>
    </Filter>
    <Filter Include="Header Files\Controllers">
      <UniqueIdentifier>{090a03c3-0ef7-4f7f-b848-8f0fc1cbb22b}</UniqueIdentifier>
    </Filter>
    <Filter Include="Header Files\Models">
      <UniqueIdentifier>{9b59fa52-c3e5-4f4b-80a8-b9aa3250582a}</UniqueIdentifier>
    </Filter>
    <Filter Include="Source Files\Models\Wrappers">
      <UniqueIdentifier>{216c51fc-4e8b-4e1d-9102-c9069905a58a}</UniqueIdentifier>
    </Filter>
    <Filter Include="Header Files\Models\Wrappers">
      <UniqueIdentifier>{f9c6f8bc-fe77-4a0f-bd78-89e29df308a8}</UniqueIdentifier>
    </Filter>
  </ItemGroup>
  <ItemGroup>
    <ClCompile Include="Program.cpp">
      <Filter>Source Files</Filter>
    </ClCompile>
    <ClCompile Include="Utils.cpp">
      <Filter>Source Files</Filter>
    </ClCompile>
    <ClCompile Include="DateTime.cpp">
      <Filter>Source Files\Models</Filter>
    </ClCompile>
    <ClCompile Include="Mobile.cpp">
      <Filter>Source Files\Models</Filter>
    </ClCompile>
    <ClCompile Include="Talk.cpp">
      <Filter>Source Files\Models</Filter>
    </ClCompile>
    <ClCompile Include="CLIController.cpp">
      <Filter>Source Files\Controllers</Filter>
    </ClCompile>
    <ClCompile Include="MainController.cpp">
      <Filter>Source Files\Controllers</Filter>
    </ClCompile>
    <ClCompile Include="TalkTableData.h">
      <Filter>Header Files\Models\Wrappers</Filter>
    </ClCompile>
    <ClCompile Include="TalkTableData.cpp">
      <Filter>Source Files\Models\Wrappers</Filter>
    </ClCompile>
  </ItemGroup>
  <ItemGroup>
    <ClInclude Include="Utils.h">
      <Filter>Header Files</Filter>
    </ClInclude>
    <ClInclude Include="DateTime.h">
      <Filter>Header Files\Models</Filter>
    </ClInclude>
    <ClInclude Include="Mobile.h">
      <Filter>Header Files\Models</Filter>
    </ClInclude>
    <ClInclude Include="Talk.h">
      <Filter>Header Files\Models</Filter>
    </ClInclude>
    <ClInclude Include="CLIController.h">
      <Filter>Header Files\Controllers</Filter>
    </ClInclude>
    <ClInclude Include="MainController.h">
      <Filter>Header Files\Controllers</Filter>
    </ClInclude>
  </ItemGroup>
</Project>