<?xml version="1.0" encoding="utf-8"?>
<Project ToolsVersion="4.0" xmlns="http://schemas.microsoft.com/developer/msbuild/2003">
  <ItemGroup>
    <Filter Include="Source Files">
      <UniqueIdentifier>{4FC737F1-C7A5-4376-A066-2A32D752A2FF}</UniqueIdentifier>
      <Extensions>cpp;c;cc;cxx;c++;cppm;ixx;def;odl;idl;hpj;bat;asm;asmx</Extensions>
    </Filter>
    <Filter Include="Header Files">
      <UniqueIdentifier>{93995380-89BD-4b04-88EB-625FBE52EBFB}</UniqueIdentifier>
      <Extensions>h;hh;hpp;hxx;h++;hm;inl;inc;ipp;xsd</Extensions>
    </Filter>
    <Filter Include="Resource Files">
      <UniqueIdentifier>{67DA6AB6-F800-4c08-8B7A-83BB121AAD01}</UniqueIdentifier>
      <Extensions>rc;ico;cur;bmp;dlg;rc2;rct;bin;rgs;gif;jpg;jpeg;jpe;resx;tiff;tif;png;wav;mfcribbon-ms</Extensions>
    </Filter>
    <Filter Include="Source Files\Models">
      <UniqueIdentifier>{900fc1a9-5e60-4648-8fb4-77129c616f97}</UniqueIdentifier>
    </Filter>
    <Filter Include="Header Files\Models">
      <UniqueIdentifier>{a961ff33-dadb-4f2d-ad84-ee341ebe42f6}</UniqueIdentifier>
    </Filter>
    <Filter Include="Source Files\Models\Wrappers">
      <UniqueIdentifier>{a8901806-fdc7-4d98-abd4-516f912e5891}</UniqueIdentifier>
    </Filter>
    <Filter Include="Header Files\Models\Wrappers">
      <UniqueIdentifier>{9ba3f8a9-2b07-4970-8962-7c149dc1812c}</UniqueIdentifier>
    </Filter>
    <Filter Include="Source Files\Controllers">
      <UniqueIdentifier>{11dc620f-c8eb-410d-ae66-9da107861419}</UniqueIdentifier>
    </Filter>
    <Filter Include="Source Files\Controllers\Data">
      <UniqueIdentifier>{27f45dc3-97fa-4ca0-8b6b-25a90bd97a6f}</UniqueIdentifier>
    </Filter>
    <Filter Include="Source Files\Controllers\Views">
      <UniqueIdentifier>{142ba874-a912-4a68-8e5a-4d3e27c66356}</UniqueIdentifier>
    </Filter>
    <Filter Include="Header Files\Controllers">
      <UniqueIdentifier>{461865e5-ba68-453e-a993-ef31123d48e6}</UniqueIdentifier>
    </Filter>
    <Filter Include="Header Files\Controllers\Data">
      <UniqueIdentifier>{f861fba3-fa48-41e1-b2dd-250dd9d98c41}</UniqueIdentifier>
    </Filter>
    <Filter Include="Header Files\Controllers\Views">
      <UniqueIdentifier>{dc86f9ca-7a64-4ef6-9eb0-c464ea53c228}</UniqueIdentifier>
    </Filter>
    <Filter Include="Header Files\Controllers\Repos">
      <UniqueIdentifier>{89845096-3574-4fed-a280-1d382d6577be}</UniqueIdentifier>
    </Filter>
    <Filter Include="Source Files\Controllers\Repos">
      <UniqueIdentifier>{226ea967-bf08-4371-bdeb-eacf62763325}</UniqueIdentifier>
    </Filter>
    <Filter Include="Source Files\Controllers\Testers">
      <UniqueIdentifier>{ec696d4c-df6d-44bd-bc27-d687b8732325}</UniqueIdentifier>
    </Filter>
    <Filter Include="Header Files\Controllers\Testers">
      <UniqueIdentifier>{e5f05a1f-727a-4bfa-8657-b854f5e85bda}</UniqueIdentifier>
    </Filter>
  </ItemGroup>
  <ItemGroup>
    <ClCompile Include="Program.cpp">
      <Filter>Source Files</Filter>
    </ClCompile>
    <ClCompile Include="Utils.cpp">
      <Filter>Source Files</Filter>
    </ClCompile>
    <ClCompile Include="DateTime.cpp">
      <Filter>Source Files\Models</Filter>
    </ClCompile>
    <ClCompile Include="Mobile.cpp">
      <Filter>Source Files\Models</Filter>
    </ClCompile>
    <ClCompile Include="Talk.cpp">
      <Filter>Source Files\Models</Filter>
    </ClCompile>
    <ClCompile Include="TalkTableData.cpp">
      <Filter>Source Files\Models\Wrappers</Filter>
    </ClCompile>
    <ClCompile Include="BasicOperationsController.cpp">
      <Filter>Source Files\Controllers\Data</Filter>
    </ClCompile>
    <ClCompile Include="GroupingOperationsController.cpp">
      <Filter>Source Files\Controllers\Data</Filter>
    </ClCompile>
    <ClCompile Include="SearchingOperationsController.cpp">
      <Filter>Source Files\Controllers\Data</Filter>
    </ClCompile>
    <ClCompile Include="CLIController.cpp">
      <Filter>Source Files\Controllers\Views</Filter>
    </ClCompile>
    <ClCompile Include="GeneralData.cpp">
      <Filter>Source Files\Controllers\Repos</Filter>
    </ClCompile>
    <ClCompile Include="DialogController.cpp">
      <Filter>Source Files\Controllers\Views</Filter>
    </ClCompile>
    <ClCompile Include="CopyControllersTester.h">
      <Filter>Header Files\Controllers\Testers</Filter>
    </ClCompile>
    <ClCompile Include="CopyControllersTester.cpp">
      <Filter>Source Files\Controllers\Testers</Filter>
    </ClCompile>
    <ClCompile Include="AssignmentOperatorsTester.h">
      <Filter>Header Files\Controllers\Testers</Filter>
    </ClCompile>
    <ClCompile Include="AssignmentOperatorsTester.cpp">
      <Filter>Source Files\Controllers\Testers</Filter>
    </ClCompile>
  </ItemGroup>
  <ItemGroup>
    <ClInclude Include="Utils.h">
      <Filter>Header Files</Filter>
    </ClInclude>
    <ClInclude Include="DateTime.h">
      <Filter>Header Files\Models</Filter>
    </ClInclude>
    <ClInclude Include="Mobile.h">
      <Filter>Header Files\Models</Filter>
    </ClInclude>
    <ClInclude Include="Talk.h">
      <Filter>Header Files\Models</Filter>
    </ClInclude>
    <ClInclude Include="TalkTableData.h">
      <Filter>Header Files\Models\Wrappers</Filter>
    </ClInclude>
    <ClInclude Include="BasicOperationsController.h">
      <Filter>Header Files\Controllers\Data</Filter>
    </ClInclude>
    <ClInclude Include="GroupingOperationsController.h">
      <Filter>Header Files\Controllers\Data</Filter>
    </ClInclude>
    <ClInclude Include="SearchingOperationsController.h">
      <Filter>Header Files\Controllers\Data</Filter>
    </ClInclude>
    <ClInclude Include="CLIController.h">
      <Filter>Header Files\Controllers\Views</Filter>
    </ClInclude>
    <ClInclude Include="GeneralData.h">
      <Filter>Header Files\Controllers\Repos</Filter>
    </ClInclude>
    <ClInclude Include="GroupedTalk.h">
      <Filter>Header Files\Models\Wrappers</Filter>
    </ClInclude>
    <ClInclude Include="DialogController.h">
      <Filter>Header Files\Controllers\Views</Filter>
    </ClInclude>
  </ItemGroup>
  <ItemGroup>
    <Text Include="Test.txt">
      <Filter>Resource Files</Filter>
    </Text>
    <Text Include="Test-Group.txt">
      <Filter>Resource Files</Filter>
    </Text>
    <Text Include="Test-Search.txt">
      <Filter>Resource Files</Filter>
    </Text>
  </ItemGroup>
</Project>